// !$*UTF8*$!
{
	archiveVersion = 1;
	classes = {
	};
	objectVersion = 56;
	objects = {

/* Begin PBXBuildFile section */
		AD56A68E2916DE7500CC2EDC /* AppDelegate.swift in Sources */ = {isa = PBXBuildFile; fileRef = AD56A68D2916DE7500CC2EDC /* AppDelegate.swift */; };
		AD56A6902916DE7500CC2EDC /* SceneDelegate.swift in Sources */ = {isa = PBXBuildFile; fileRef = AD56A68F2916DE7500CC2EDC /* SceneDelegate.swift */; };
		AD56A6922916DE7500CC2EDC /* ViewController.swift in Sources */ = {isa = PBXBuildFile; fileRef = AD56A6912916DE7500CC2EDC /* ViewController.swift */; };
		AD56A6952916DE7500CC2EDC /* Main.storyboard in Resources */ = {isa = PBXBuildFile; fileRef = AD56A6932916DE7500CC2EDC /* Main.storyboard */; };
		AD56A6972916DE7600CC2EDC /* Assets.xcassets in Resources */ = {isa = PBXBuildFile; fileRef = AD56A6962916DE7600CC2EDC /* Assets.xcassets */; };
		AD56A69A2916DE7600CC2EDC /* LaunchScreen.storyboard in Resources */ = {isa = PBXBuildFile; fileRef = AD56A6982916DE7600CC2EDC /* LaunchScreen.storyboard */; };
		AD56A6A32917082900CC2EDC /* RegistrationViewController.swift in Sources */ = {isa = PBXBuildFile; fileRef = AD56A6A22917082900CC2EDC /* RegistrationViewController.swift */; };
		AD56A6A72917305000CC2EDC /* EmployeeTableViewExtension.swift in Sources */ = {isa = PBXBuildFile; fileRef = AD56A6A62917305000CC2EDC /* EmployeeTableViewExtension.swift */; };
		AD56A6AA2917319000CC2EDC /* Permanent.swift in Sources */ = {isa = PBXBuildFile; fileRef = AD56A6A92917319000CC2EDC /* Permanent.swift */; };
		AD56A6AC291731B000CC2EDC /* Contract.swift in Sources */ = {isa = PBXBuildFile; fileRef = AD56A6AB291731B000CC2EDC /* Contract.swift */; };
		AD56A6AE291731C800CC2EDC /* Temporary.swift in Sources */ = {isa = PBXBuildFile; fileRef = AD56A6AD291731C800CC2EDC /* Temporary.swift */; };
		AD56A6B1291731F000CC2EDC /* Employee.swift in Sources */ = {isa = PBXBuildFile; fileRef = AD56A6B0291731F000CC2EDC /* Employee.swift */; };
		AD56A6B32917321500CC2EDC /* Manager.swift in Sources */ = {isa = PBXBuildFile; fileRef = AD56A6B22917321500CC2EDC /* Manager.swift */; };
		AD56A6B52917323100CC2EDC /* Tester.swift in Sources */ = {isa = PBXBuildFile; fileRef = AD56A6B42917323100CC2EDC /* Tester.swift */; };
		AD56A6B72917325600CC2EDC /* Programmer.swift in Sources */ = {isa = PBXBuildFile; fileRef = AD56A6B62917325600CC2EDC /* Programmer.swift */; };
		AD56A6BA2917328600CC2EDC /* Vehicle.swift in Sources */ = {isa = PBXBuildFile; fileRef = AD56A6B92917328600CC2EDC /* Vehicle.swift */; };
		AD56A6BC291732A600CC2EDC /* Motorcycle.swift in Sources */ = {isa = PBXBuildFile; fileRef = AD56A6BB291732A600CC2EDC /* Motorcycle.swift */; };
		AD56A6BE291732BE00CC2EDC /* Car.swift in Sources */ = {isa = PBXBuildFile; fileRef = AD56A6BD291732BE00CC2EDC /* Car.swift */; };
		AD56A6C1291732F700CC2EDC /* EmployeePrint.swift in Sources */ = {isa = PBXBuildFile; fileRef = AD56A6C0291732F700CC2EDC /* EmployeePrint.swift */; };
		AD56A6C32917331E00CC2EDC /* ContractReport.swift in Sources */ = {isa = PBXBuildFile; fileRef = AD56A6C22917331E00CC2EDC /* ContractReport.swift */; };
		AD56A6C82917337600CC2EDC /* Utility.swift in Sources */ = {isa = PBXBuildFile; fileRef = AD56A6C72917337600CC2EDC /* Utility.swift */; };
		AD56A6CB291734A300CC2EDC /* EmployeeCustomTableViewCell.swift in Sources */ = {isa = PBXBuildFile; fileRef = AD56A6C9291734A300CC2EDC /* EmployeeCustomTableViewCell.swift */; };
		AD56A6CC291734A300CC2EDC /* EmployeeCustomTableViewCell.xib in Resources */ = {isa = PBXBuildFile; fileRef = AD56A6CA291734A300CC2EDC /* EmployeeCustomTableViewCell.xib */; };
		AD56A6CE2917396100CC2EDC /* EmployeeDataSource.swift in Sources */ = {isa = PBXBuildFile; fileRef = AD56A6CD2917396100CC2EDC /* EmployeeDataSource.swift */; };
		AD56A6D12917514E00CC2EDC /* ResultViewController.swift in Sources */ = {isa = PBXBuildFile; fileRef = AD56A6D02917514E00CC2EDC /* ResultViewController.swift */; };
		AD56A6D32917771900CC2EDC /* RegistrationViewExtension.swift in Sources */ = {isa = PBXBuildFile; fileRef = AD56A6D22917771900CC2EDC /* RegistrationViewExtension.swift */; };
/* End PBXBuildFile section */

/* Begin PBXFileReference section */
		AD56A68A2916DE7500CC2EDC /* ManagmentFinaliOS.app */ = {isa = PBXFileReference; explicitFileType = wrapper.application; includeInIndex = 0; path = ManagmentFinaliOS.app; sourceTree = BUILT_PRODUCTS_DIR; };
		AD56A68D2916DE7500CC2EDC /* AppDelegate.swift */ = {isa = PBXFileReference; lastKnownFileType = sourcecode.swift; path = AppDelegate.swift; sourceTree = "<group>"; };
		AD56A68F2916DE7500CC2EDC /* SceneDelegate.swift */ = {isa = PBXFileReference; lastKnownFileType = sourcecode.swift; path = SceneDelegate.swift; sourceTree = "<group>"; };
		AD56A6912916DE7500CC2EDC /* ViewController.swift */ = {isa = PBXFileReference; lastKnownFileType = sourcecode.swift; path = ViewController.swift; sourceTree = "<group>"; };
		AD56A6942916DE7500CC2EDC /* Base */ = {isa = PBXFileReference; lastKnownFileType = file.storyboard; name = Base; path = Base.lproj/Main.storyboard; sourceTree = "<group>"; };
		AD56A6962916DE7600CC2EDC /* Assets.xcassets */ = {isa = PBXFileReference; lastKnownFileType = folder.assetcatalog; path = Assets.xcassets; sourceTree = "<group>"; };
		AD56A6992916DE7600CC2EDC /* Base */ = {isa = PBXFileReference; lastKnownFileType = file.storyboard; name = Base; path = Base.lproj/LaunchScreen.storyboard; sourceTree = "<group>"; };
		AD56A69B2916DE7600CC2EDC /* Info.plist */ = {isa = PBXFileReference; lastKnownFileType = text.plist.xml; path = Info.plist; sourceTree = "<group>"; };
		AD56A6A22917082900CC2EDC /* RegistrationViewController.swift */ = {isa = PBXFileReference; lastKnownFileType = sourcecode.swift; path = RegistrationViewController.swift; sourceTree = "<group>"; };
		AD56A6A62917305000CC2EDC /* EmployeeTableViewExtension.swift */ = {isa = PBXFileReference; lastKnownFileType = sourcecode.swift; path = EmployeeTableViewExtension.swift; sourceTree = "<group>"; };
		AD56A6A92917319000CC2EDC /* Permanent.swift */ = {isa = PBXFileReference; lastKnownFileType = sourcecode.swift; path = Permanent.swift; sourceTree = "<group>"; };
		AD56A6AB291731B000CC2EDC /* Contract.swift */ = {isa = PBXFileReference; lastKnownFileType = sourcecode.swift; path = Contract.swift; sourceTree = "<group>"; };
		AD56A6AD291731C800CC2EDC /* Temporary.swift */ = {isa = PBXFileReference; lastKnownFileType = sourcecode.swift; path = Temporary.swift; sourceTree = "<group>"; };
		AD56A6B0291731F000CC2EDC /* Employee.swift */ = {isa = PBXFileReference; lastKnownFileType = sourcecode.swift; path = Employee.swift; sourceTree = "<group>"; };
		AD56A6B22917321500CC2EDC /* Manager.swift */ = {isa = PBXFileReference; lastKnownFileType = sourcecode.swift; path = Manager.swift; sourceTree = "<group>"; };
		AD56A6B42917323100CC2EDC /* Tester.swift */ = {isa = PBXFileReference; lastKnownFileType = sourcecode.swift; path = Tester.swift; sourceTree = "<group>"; };
		AD56A6B62917325600CC2EDC /* Programmer.swift */ = {isa = PBXFileReference; lastKnownFileType = sourcecode.swift; path = Programmer.swift; sourceTree = "<group>"; };
		AD56A6B92917328600CC2EDC /* Vehicle.swift */ = {isa = PBXFileReference; lastKnownFileType = sourcecode.swift; path = Vehicle.swift; sourceTree = "<group>"; };
		AD56A6BB291732A600CC2EDC /* Motorcycle.swift */ = {isa = PBXFileReference; lastKnownFileType = sourcecode.swift; path = Motorcycle.swift; sourceTree = "<group>"; };
		AD56A6BD291732BE00CC2EDC /* Car.swift */ = {isa = PBXFileReference; lastKnownFileType = sourcecode.swift; path = Car.swift; sourceTree = "<group>"; };
		AD56A6C0291732F700CC2EDC /* EmployeePrint.swift */ = {isa = PBXFileReference; lastKnownFileType = sourcecode.swift; path = EmployeePrint.swift; sourceTree = "<group>"; };
		AD56A6C22917331E00CC2EDC /* ContractReport.swift */ = {isa = PBXFileReference; lastKnownFileType = sourcecode.swift; path = ContractReport.swift; sourceTree = "<group>"; };
		AD56A6C72917337600CC2EDC /* Utility.swift */ = {isa = PBXFileReference; lastKnownFileType = sourcecode.swift; path = Utility.swift; sourceTree = "<group>"; };
		AD56A6C9291734A300CC2EDC /* EmployeeCustomTableViewCell.swift */ = {isa = PBXFileReference; lastKnownFileType = sourcecode.swift; path = EmployeeCustomTableViewCell.swift; sourceTree = "<group>"; };
		AD56A6CA291734A300CC2EDC /* EmployeeCustomTableViewCell.xib */ = {isa = PBXFileReference; lastKnownFileType = file.xib; path = EmployeeCustomTableViewCell.xib; sourceTree = "<group>"; };
		AD56A6CD2917396100CC2EDC /* EmployeeDataSource.swift */ = {isa = PBXFileReference; lastKnownFileType = sourcecode.swift; path = EmployeeDataSource.swift; sourceTree = "<group>"; };
		AD56A6D02917514E00CC2EDC /* ResultViewController.swift */ = {isa = PBXFileReference; lastKnownFileType = sourcecode.swift; path = ResultViewController.swift; sourceTree = "<group>"; };
		AD56A6D22917771900CC2EDC /* RegistrationViewExtension.swift */ = {isa = PBXFileReference; lastKnownFileType = sourcecode.swift; path = RegistrationViewExtension.swift; sourceTree = "<group>"; };
/* End PBXFileReference section */

/* Begin PBXFrameworksBuildPhase section */
		AD56A6872916DE7500CC2EDC /* Frameworks */ = {
			isa = PBXFrameworksBuildPhase;
			buildActionMask = 2147483647;
			files = (
			);
			runOnlyForDeploymentPostprocessing = 0;
		};
/* End PBXFrameworksBuildPhase section */

/* Begin PBXGroup section */
		AD56A6812916DE7500CC2EDC = {
			isa = PBXGroup;
			children = (
				AD56A68C2916DE7500CC2EDC /* ManagmentFinaliOS */,
				AD56A68B2916DE7500CC2EDC /* Products */,
			);
			sourceTree = "<group>";
		};
		AD56A68B2916DE7500CC2EDC /* Products */ = {
			isa = PBXGroup;
			children = (
				AD56A68A2916DE7500CC2EDC /* ManagmentFinaliOS.app */,
			);
			name = Products;
			sourceTree = "<group>";
		};
		AD56A68C2916DE7500CC2EDC /* ManagmentFinaliOS */ = {
			isa = PBXGroup;
			children = (
				AD56A6A429172C0100CC2EDC /* Model */,
				AD56A6A12917081A00CC2EDC /* View */,
				AD56A68D2916DE7500CC2EDC /* AppDelegate.swift */,
				AD56A68F2916DE7500CC2EDC /* SceneDelegate.swift */,
				AD56A6912916DE7500CC2EDC /* ViewController.swift */,
				AD56A6932916DE7500CC2EDC /* Main.storyboard */,
				AD56A6962916DE7600CC2EDC /* Assets.xcassets */,
				AD56A6982916DE7600CC2EDC /* LaunchScreen.storyboard */,
				AD56A69B2916DE7600CC2EDC /* Info.plist */,
			);
			path = ManagmentFinaliOS;
			sourceTree = "<group>";
		};
		AD56A6A12917081A00CC2EDC /* View */ = {
			isa = PBXGroup;
			children = (
				AD56A6CF2917513E00CC2EDC /* Result */,
				AD56A6A52917303600CC2EDC /* Employee */,
				AD56A6A22917082900CC2EDC /* RegistrationViewController.swift */,
				AD56A6D22917771900CC2EDC /* RegistrationViewExtension.swift */,
			);
			path = View;
			sourceTree = "<group>";
		};
		AD56A6A429172C0100CC2EDC /* Model */ = {
			isa = PBXGroup;
			children = (
				AD56A6C62917336900CC2EDC /* Util */,
				AD56A6BF291732D500CC2EDC /* Extension */,
				AD56A6B82917327600CC2EDC /* Vehicle */,
				AD56A6AF291731E300CC2EDC /* Position */,
				AD56A6A82917317E00CC2EDC /* Status */,
			);
			path = Model;
			sourceTree = "<group>";
		};
		AD56A6A52917303600CC2EDC /* Employee */ = {
			isa = PBXGroup;
			children = (
				AD56A6A62917305000CC2EDC /* EmployeeTableViewExtension.swift */,
				AD56A6C9291734A300CC2EDC /* EmployeeCustomTableViewCell.swift */,
				AD56A6CA291734A300CC2EDC /* EmployeeCustomTableViewCell.xib */,
				AD56A6CD2917396100CC2EDC /* EmployeeDataSource.swift */,
			);
			path = Employee;
			sourceTree = "<group>";
		};
		AD56A6A82917317E00CC2EDC /* Status */ = {
			isa = PBXGroup;
			children = (
				AD56A6A92917319000CC2EDC /* Permanent.swift */,
				AD56A6AB291731B000CC2EDC /* Contract.swift */,
				AD56A6AD291731C800CC2EDC /* Temporary.swift */,
			);
			path = Status;
			sourceTree = "<group>";
		};
		AD56A6AF291731E300CC2EDC /* Position */ = {
			isa = PBXGroup;
			children = (
				AD56A6B0291731F000CC2EDC /* Employee.swift */,
				AD56A6B22917321500CC2EDC /* Manager.swift */,
				AD56A6B42917323100CC2EDC /* Tester.swift */,
				AD56A6B62917325600CC2EDC /* Programmer.swift */,
			);
			path = Position;
			sourceTree = "<group>";
		};
		AD56A6B82917327600CC2EDC /* Vehicle */ = {
			isa = PBXGroup;
			children = (
				AD56A6B92917328600CC2EDC /* Vehicle.swift */,
				AD56A6BB291732A600CC2EDC /* Motorcycle.swift */,
				AD56A6BD291732BE00CC2EDC /* Car.swift */,
			);
			path = Vehicle;
			sourceTree = "<group>";
		};
		AD56A6BF291732D500CC2EDC /* Extension */ = {
			isa = PBXGroup;
			children = (
				AD56A6C0291732F700CC2EDC /* EmployeePrint.swift */,
				AD56A6C22917331E00CC2EDC /* ContractReport.swift */,
			);
			path = Extension;
			sourceTree = "<group>";
		};
		AD56A6C62917336900CC2EDC /* Util */ = {
			isa = PBXGroup;
			children = (
				AD56A6C72917337600CC2EDC /* Utility.swift */,
			);
			path = Util;
			sourceTree = "<group>";
		};
		AD56A6CF2917513E00CC2EDC /* Result */ = {
			isa = PBXGroup;
			children = (
				AD56A6D02917514E00CC2EDC /* ResultViewController.swift */,
			);
			path = Result;
			sourceTree = "<group>";
		};
/* End PBXGroup section */

/* Begin PBXNativeTarget section */
		AD56A6892916DE7500CC2EDC /* ManagmentFinaliOS */ = {
			isa = PBXNativeTarget;
			buildConfigurationList = AD56A69E2916DE7600CC2EDC /* Build configuration list for PBXNativeTarget "ManagmentFinaliOS" */;
			buildPhases = (
				AD56A6862916DE7500CC2EDC /* Sources */,
				AD56A6872916DE7500CC2EDC /* Frameworks */,
				AD56A6882916DE7500CC2EDC /* Resources */,
			);
			buildRules = (
			);
			dependencies = (
			);
			name = ManagmentFinaliOS;
			productName = ManagmentFinaliOS;
			productReference = AD56A68A2916DE7500CC2EDC /* ManagmentFinaliOS.app */;
			productType = "com.apple.product-type.application";
		};
/* End PBXNativeTarget section */

/* Begin PBXProject section */
		AD56A6822916DE7500CC2EDC /* Project object */ = {
			isa = PBXProject;
			attributes = {
				BuildIndependentTargetsInParallel = 1;
				LastSwiftUpdateCheck = 1400;
				LastUpgradeCheck = 1400;
				TargetAttributes = {
					AD56A6892916DE7500CC2EDC = {
						CreatedOnToolsVersion = 14.0.1;
					};
				};
			};
			buildConfigurationList = AD56A6852916DE7500CC2EDC /* Build configuration list for PBXProject "ManagmentFinaliOS" */;
			compatibilityVersion = "Xcode 14.0";
			developmentRegion = en;
			hasScannedForEncodings = 0;
			knownRegions = (
				en,
				Base,
			);
			mainGroup = AD56A6812916DE7500CC2EDC;
			productRefGroup = AD56A68B2916DE7500CC2EDC /* Products */;
			projectDirPath = "";
			projectRoot = "";
			targets = (
				AD56A6892916DE7500CC2EDC /* ManagmentFinaliOS */,
			);
		};
/* End PBXProject section */

/* Begin PBXResourcesBuildPhase section */
		AD56A6882916DE7500CC2EDC /* Resources */ = {
			isa = PBXResourcesBuildPhase;
			buildActionMask = 2147483647;
			files = (
				AD56A69A2916DE7600CC2EDC /* LaunchScreen.storyboard in Resources */,
				AD56A6972916DE7600CC2EDC /* Assets.xcassets in Resources */,
				AD56A6CC291734A300CC2EDC /* EmployeeCustomTableViewCell.xib in Resources */,
				AD56A6952916DE7500CC2EDC /* Main.storyboard in Resources */,
			);
			runOnlyForDeploymentPostprocessing = 0;
		};
/* End PBXResourcesBuildPhase section */

/* Begin PBXSourcesBuildPhase section */
		AD56A6862916DE7500CC2EDC /* Sources */ = {
			isa = PBXSourcesBuildPhase;
			buildActionMask = 2147483647;
			files = (
				AD56A6CB291734A300CC2EDC /* EmployeeCustomTableViewCell.swift in Sources */,
				AD56A6BA2917328600CC2EDC /* Vehicle.swift in Sources */,
				AD56A6D12917514E00CC2EDC /* ResultViewController.swift in Sources */,
				AD56A6922916DE7500CC2EDC /* ViewController.swift in Sources */,
				AD56A6BE291732BE00CC2EDC /* Car.swift in Sources */,
				AD56A6B1291731F000CC2EDC /* Employee.swift in Sources */,
				AD56A68E2916DE7500CC2EDC /* AppDelegate.swift in Sources */,
				AD56A6C82917337600CC2EDC /* Utility.swift in Sources */,
				AD56A6AA2917319000CC2EDC /* Permanent.swift in Sources */,
				AD56A6A32917082900CC2EDC /* RegistrationViewController.swift in Sources */,
				AD56A6BC291732A600CC2EDC /* Motorcycle.swift in Sources */,
				AD56A6CE2917396100CC2EDC /* EmployeeDataSource.swift in Sources */,
				AD56A6902916DE7500CC2EDC /* SceneDelegate.swift in Sources */,
				AD56A6D32917771900CC2EDC /* RegistrationViewExtension.swift in Sources */,
				AD56A6C32917331E00CC2EDC /* ContractReport.swift in Sources */,
				AD56A6AE291731C800CC2EDC /* Temporary.swift in Sources */,
				AD56A6B72917325600CC2EDC /* Programmer.swift in Sources */,
				AD56A6C1291732F700CC2EDC /* EmployeePrint.swift in Sources */,
				AD56A6AC291731B000CC2EDC /* Contract.swift in Sources */,
				AD56A6A72917305000CC2EDC /* EmployeeTableViewExtension.swift in Sources */,
				AD56A6B52917323100CC2EDC /* Tester.swift in Sources */,
				AD56A6B32917321500CC2EDC /* Manager.swift in Sources */,
			);
			runOnlyForDeploymentPostprocessing = 0;
		};
/* End PBXSourcesBuildPhase section */

/* Begin PBXVariantGroup section */
		AD56A6932916DE7500CC2EDC /* Main.storyboard */ = {
			isa = PBXVariantGroup;
			children = (
				AD56A6942916DE7500CC2EDC /* Base */,
			);
			name = Main.storyboard;
			sourceTree = "<group>";
		};
		AD56A6982916DE7600CC2EDC /* LaunchScreen.storyboard */ = {
			isa = PBXVariantGroup;
			children = (
				AD56A6992916DE7600CC2EDC /* Base */,
			);
			name = LaunchScreen.storyboard;
			sourceTree = "<group>";
		};
/* End PBXVariantGroup section */

/* Begin XCBuildConfiguration section */
		AD56A69C2916DE7600CC2EDC /* Debug */ = {
			isa = XCBuildConfiguration;
			buildSettings = {
				ALWAYS_SEARCH_USER_PATHS = NO;
				CLANG_ANALYZER_NONNULL = YES;
				CLANG_ANALYZER_NUMBER_OBJECT_CONVERSION = YES_AGGRESSIVE;
				CLANG_CXX_LANGUAGE_STANDARD = "gnu++20";
				CLANG_ENABLE_MODULES = YES;
				CLANG_ENABLE_OBJC_ARC = YES;
				CLANG_ENABLE_OBJC_WEAK = YES;
				CLANG_WARN_BLOCK_CAPTURE_AUTORELEASING = YES;
				CLANG_WARN_BOOL_CONVERSION = YES;
				CLANG_WARN_COMMA = YES;
				CLANG_WARN_CONSTANT_CONVERSION = YES;
				CLANG_WARN_DEPRECATED_OBJC_IMPLEMENTATIONS = YES;
				CLANG_WARN_DIRECT_OBJC_ISA_USAGE = YES_ERROR;
				CLANG_WARN_DOCUMENTATION_COMMENTS = YES;
				CLANG_WARN_EMPTY_BODY = YES;
				CLANG_WARN_ENUM_CONVERSION = YES;
				CLANG_WARN_INFINITE_RECURSION = YES;
				CLANG_WARN_INT_CONVERSION = YES;
				CLANG_WARN_NON_LITERAL_NULL_CONVERSION = YES;
				CLANG_WARN_OBJC_IMPLICIT_RETAIN_SELF = YES;
				CLANG_WARN_OBJC_LITERAL_CONVERSION = YES;
				CLANG_WARN_OBJC_ROOT_CLASS = YES_ERROR;
				CLANG_WARN_QUOTED_INCLUDE_IN_FRAMEWORK_HEADER = YES;
				CLANG_WARN_RANGE_LOOP_ANALYSIS = YES;
				CLANG_WARN_STRICT_PROTOTYPES = YES;
				CLANG_WARN_SUSPICIOUS_MOVE = YES;
				CLANG_WARN_UNGUARDED_AVAILABILITY = YES_AGGRESSIVE;
				CLANG_WARN_UNREACHABLE_CODE = YES;
				CLANG_WARN__DUPLICATE_METHOD_MATCH = YES;
				COPY_PHASE_STRIP = NO;
				DEBUG_INFORMATION_FORMAT = dwarf;
				ENABLE_STRICT_OBJC_MSGSEND = YES;
				ENABLE_TESTABILITY = YES;
				GCC_C_LANGUAGE_STANDARD = gnu11;
				GCC_DYNAMIC_NO_PIC = NO;
				GCC_NO_COMMON_BLOCKS = YES;
				GCC_OPTIMIZATION_LEVEL = 0;
				GCC_PREPROCESSOR_DEFINITIONS = (
					"DEBUG=1",
					"$(inherited)",
				);
				GCC_WARN_64_TO_32_BIT_CONVERSION = YES;
				GCC_WARN_ABOUT_RETURN_TYPE = YES_ERROR;
				GCC_WARN_UNDECLARED_SELECTOR = YES;
				GCC_WARN_UNINITIALIZED_AUTOS = YES_AGGRESSIVE;
				GCC_WARN_UNUSED_FUNCTION = YES;
				GCC_WARN_UNUSED_VARIABLE = YES;
				IPHONEOS_DEPLOYMENT_TARGET = 16.0;
				MTL_ENABLE_DEBUG_INFO = INCLUDE_SOURCE;
				MTL_FAST_MATH = YES;
				ONLY_ACTIVE_ARCH = YES;
				SDKROOT = iphoneos;
				SWIFT_ACTIVE_COMPILATION_CONDITIONS = DEBUG;
				SWIFT_OPTIMIZATION_LEVEL = "-Onone";
			};
			name = Debug;
		};
		AD56A69D2916DE7600CC2EDC /* Release */ = {
			isa = XCBuildConfiguration;
			buildSettings = {
				ALWAYS_SEARCH_USER_PATHS = NO;
				CLANG_ANALYZER_NONNULL = YES;
				CLANG_ANALYZER_NUMBER_OBJECT_CONVERSION = YES_AGGRESSIVE;
				CLANG_CXX_LANGUAGE_STANDARD = "gnu++20";
				CLANG_ENABLE_MODULES = YES;
				CLANG_ENABLE_OBJC_ARC = YES;
				CLANG_ENABLE_OBJC_WEAK = YES;
				CLANG_WARN_BLOCK_CAPTURE_AUTORELEASING = YES;
				CLANG_WARN_BOOL_CONVERSION = YES;
				CLANG_WARN_COMMA = YES;
				CLANG_WARN_CONSTANT_CONVERSION = YES;
				CLANG_WARN_DEPRECATED_OBJC_IMPLEMENTATIONS = YES;
				CLANG_WARN_DIRECT_OBJC_ISA_USAGE = YES_ERROR;
				CLANG_WARN_DOCUMENTATION_COMMENTS = YES;
				CLANG_WARN_EMPTY_BODY = YES;
				CLANG_WARN_ENUM_CONVERSION = YES;
				CLANG_WARN_INFINITE_RECURSION = YES;
				CLANG_WARN_INT_CONVERSION = YES;
				CLANG_WARN_NON_LITERAL_NULL_CONVERSION = YES;
				CLANG_WARN_OBJC_IMPLICIT_RETAIN_SELF = YES;
				CLANG_WARN_OBJC_LITERAL_CONVERSION = YES;
				CLANG_WARN_OBJC_ROOT_CLASS = YES_ERROR;
				CLANG_WARN_QUOTED_INCLUDE_IN_FRAMEWORK_HEADER = YES;
				CLANG_WARN_RANGE_LOOP_ANALYSIS = YES;
				CLANG_WARN_STRICT_PROTOTYPES = YES;
				CLANG_WARN_SUSPICIOUS_MOVE = YES;
				CLANG_WARN_UNGUARDED_AVAILABILITY = YES_AGGRESSIVE;
				CLANG_WARN_UNREACHABLE_CODE = YES;
				CLANG_WARN__DUPLICATE_METHOD_MATCH = YES;
				COPY_PHASE_STRIP = NO;
				DEBUG_INFORMATION_FORMAT = "dwarf-with-dsym";
				ENABLE_NS_ASSERTIONS = NO;
				ENABLE_STRICT_OBJC_MSGSEND = YES;
				GCC_C_LANGUAGE_STANDARD = gnu11;
				GCC_NO_COMMON_BLOCKS = YES;
				GCC_WARN_64_TO_32_BIT_CONVERSION = YES;
				GCC_WARN_ABOUT_RETURN_TYPE = YES_ERROR;
				GCC_WARN_UNDECLARED_SELECTOR = YES;
				GCC_WARN_UNINITIALIZED_AUTOS = YES_AGGRESSIVE;
				GCC_WARN_UNUSED_FUNCTION = YES;
				GCC_WARN_UNUSED_VARIABLE = YES;
				IPHONEOS_DEPLOYMENT_TARGET = 16.0;
				MTL_ENABLE_DEBUG_INFO = NO;
				MTL_FAST_MATH = YES;
				SDKROOT = iphoneos;
				SWIFT_COMPILATION_MODE = wholemodule;
				SWIFT_OPTIMIZATION_LEVEL = "-O";
				VALIDATE_PRODUCT = YES;
			};
			name = Release;
		};
		AD56A69F2916DE7600CC2EDC /* Debug */ = {
			isa = XCBuildConfiguration;
			buildSettings = {
				ASSETCATALOG_COMPILER_APPICON_NAME = AppIcon;
				ASSETCATALOG_COMPILER_GLOBAL_ACCENT_COLOR_NAME = AccentColor;
				CODE_SIGN_STYLE = Automatic;
				CURRENT_PROJECT_VERSION = 1;
				DEVELOPMENT_TEAM = FEJDM95844;
				GENERATE_INFOPLIST_FILE = YES;
				INFOPLIST_FILE = ManagmentFinaliOS/Info.plist;
				INFOPLIST_KEY_UIApplicationSupportsIndirectInputEvents = YES;
				INFOPLIST_KEY_UILaunchStoryboardName = LaunchScreen;
				INFOPLIST_KEY_UIMainStoryboardFile = Main;
				INFOPLIST_KEY_UISupportedInterfaceOrientations_iPad = "UIInterfaceOrientationPortrait UIInterfaceOrientationPortraitUpsideDown UIInterfaceOrientationLandscapeLeft UIInterfaceOrientationLandscapeRight";
				INFOPLIST_KEY_UISupportedInterfaceOrientations_iPhone = "UIInterfaceOrientationPortrait UIInterfaceOrientationLandscapeLeft UIInterfaceOrientationLandscapeRight";
				LD_RUNPATH_SEARCH_PATHS = (
					"$(inherited)",
					"@executable_path/Frameworks",
				);
				MARKETING_VERSION = 1.0;
				PRODUCT_BUNDLE_IDENTIFIER = com.salapp.ManagmentFinaliOS;
				PRODUCT_NAME = "$(TARGET_NAME)";
				SWIFT_EMIT_LOC_STRINGS = YES;
				SWIFT_VERSION = 5.0;
				TARGETED_DEVICE_FAMILY = "1,2";
			};
			name = Debug;
		};
		AD56A6A02916DE7600CC2EDC /* Release */ = {
			isa = XCBuildConfiguration;
			buildSettings = {
				ASSETCATALOG_COMPILER_APPICON_NAME = AppIcon;
				ASSETCATALOG_COMPILER_GLOBAL_ACCENT_COLOR_NAME = AccentColor;
				CODE_SIGN_STYLE = Automatic;
				CURRENT_PROJECT_VERSION = 1;
				DEVELOPMENT_TEAM = FEJDM95844;
				GENERATE_INFOPLIST_FILE = YES;
				INFOPLIST_FILE = ManagmentFinaliOS/Info.plist;
				INFOPLIST_KEY_UIApplicationSupportsIndirectInputEvents = YES;
				INFOPLIST_KEY_UILaunchStoryboardName = LaunchScreen;
				INFOPLIST_KEY_UIMainStoryboardFile = Main;
				INFOPLIST_KEY_UISupportedInterfaceOrientations_iPad = "UIInterfaceOrientationPortrait UIInterfaceOrientationPortraitUpsideDown UIInterfaceOrientationLandscapeLeft UIInterfaceOrientationLandscapeRight";
				INFOPLIST_KEY_UISupportedInterfaceOrientations_iPhone = "UIInterfaceOrientationPortrait UIInterfaceOrientationLandscapeLeft UIInterfaceOrientationLandscapeRight";
				LD_RUNPATH_SEARCH_PATHS = (
					"$(inherited)",
					"@executable_path/Frameworks",
				);
				MARKETING_VERSION = 1.0;
				PRODUCT_BUNDLE_IDENTIFIER = com.salapp.ManagmentFinaliOS;
				PRODUCT_NAME = "$(TARGET_NAME)";
				SWIFT_EMIT_LOC_STRINGS = YES;
				SWIFT_VERSION = 5.0;
				TARGETED_DEVICE_FAMILY = "1,2";
			};
			name = Release;
		};
/* End XCBuildConfiguration section */

/* Begin XCConfigurationList section */
		AD56A6852916DE7500CC2EDC /* Build configuration list for PBXProject "ManagmentFinaliOS" */ = {
			isa = XCConfigurationList;
			buildConfigurations = (
				AD56A69C2916DE7600CC2EDC /* Debug */,
				AD56A69D2916DE7600CC2EDC /* Release */,
			);
			defaultConfigurationIsVisible = 0;
			defaultConfigurationName = Release;
		};
		AD56A69E2916DE7600CC2EDC /* Build configuration list for PBXNativeTarget "ManagmentFinaliOS" */ = {
			isa = XCConfigurationList;
			buildConfigurations = (
				AD56A69F2916DE7600CC2EDC /* Debug */,
				AD56A6A02916DE7600CC2EDC /* Release */,
			);
			defaultConfigurationIsVisible = 0;
			defaultConfigurationName = Release;
		};
/* End XCConfigurationList section */
	};
	rootObject = AD56A6822916DE7500CC2EDC /* Project object */;
}
